// !$*UTF8*$!
{
	archiveVersion = 1;
	classes = {
	};
	objectVersion = 48;
	objects = {

/* Begin PBXBuildFile section */
		0ADF902F21D4B01900BF86CD /* AppDelegate.m in Sources */ = {isa = PBXBuildFile; fileRef = 0ADF902E21D4B01900BF86CD /* AppDelegate.m */; };
		0ADF903521D4B01900BF86CD /* Main.storyboard in Resources */ = {isa = PBXBuildFile; fileRef = 0ADF903321D4B01900BF86CD /* Main.storyboard */; };
		0ADF903721D4B01900BF86CD /* Assets.xcassets in Resources */ = {isa = PBXBuildFile; fileRef = 0ADF903621D4B01900BF86CD /* Assets.xcassets */; };
		0ADF903A21D4B01900BF86CD /* LaunchScreen.storyboard in Resources */ = {isa = PBXBuildFile; fileRef = 0ADF903821D4B01900BF86CD /* LaunchScreen.storyboard */; };
		0ADF903D21D4B01900BF86CD /* main.m in Sources */ = {isa = PBXBuildFile; fileRef = 0ADF903C21D4B01900BF86CD /* main.m */; };
		7436AC8221EB7B4500F03276 /* ZLBaseNavigationViewController.m in Sources */ = {isa = PBXBuildFile; fileRef = 7436AC7C21EB7B4500F03276 /* ZLBaseNavigationViewController.m */; };
		7436AC8321EB7B4500F03276 /* ZLBaseView.m in Sources */ = {isa = PBXBuildFile; fileRef = 7436AC7F21EB7B4500F03276 /* ZLBaseView.m */; };
		7436AC8421EB7B4500F03276 /* ZLBaseViewController.m in Sources */ = {isa = PBXBuildFile; fileRef = 7436AC8121EB7B4500F03276 /* ZLBaseViewController.m */; };
		7436AC8621EB815800F03276 /* SYDCenteralFactoryConfig.plist in Resources */ = {isa = PBXBuildFile; fileRef = 7436AC8521EB815800F03276 /* SYDCenteralFactoryConfig.plist */; };
		7436AC8A21EB848700F03276 /* SYDCentralPivotUIAdapter.m in Sources */ = {isa = PBXBuildFile; fileRef = 7436AC8921EB848700F03276 /* SYDCentralPivotUIAdapter.m */; };
		7436AC8B21EB869C00F03276 /* SYDCentralFactory+SYDService.m in Sources */ = {isa = PBXBuildFile; fileRef = 746B090A21EB5C37000EE88B /* SYDCentralFactory+SYDService.m */; };
		7436AC8C21EB869C00F03276 /* SYDCentralFactory+ViewController.m in Sources */ = {isa = PBXBuildFile; fileRef = 746B090C21EB5C37000EE88B /* SYDCentralFactory+ViewController.m */; };
		7436AC8D21EB869C00F03276 /* SYDCentralFactory.m in Sources */ = {isa = PBXBuildFile; fileRef = 746B090E21EB5C37000EE88B /* SYDCentralFactory.m */; };
		7436AC8E21EB869C00F03276 /* SYDCentralQueuePool.m in Sources */ = {isa = PBXBuildFile; fileRef = 746B091221EB5C37000EE88B /* SYDCentralQueuePool.m */; };
		7436AC8F21EB869C00F03276 /* SYDCentralRouter+SYDService.m in Sources */ = {isa = PBXBuildFile; fileRef = 746B091521EB5C37000EE88B /* SYDCentralRouter+SYDService.m */; };
		7436AC9021EB869C00F03276 /* SYDCentralRouter+ViewController.m in Sources */ = {isa = PBXBuildFile; fileRef = 746B091721EB5C37000EE88B /* SYDCentralRouter+ViewController.m */; };
		7436AC9121EB869D00F03276 /* SYDCentralRouter.m in Sources */ = {isa = PBXBuildFile; fileRef = 746B091921EB5C37000EE88B /* SYDCentralRouter.m */; };
		7436AC9221EB869D00F03276 /* SYDCentralRouterModel.m in Sources */ = {isa = PBXBuildFile; fileRef = 746B091B21EB5C37000EE88B /* SYDCentralRouterModel.m */; };
		7436AC9321EB869D00F03276 /* UIViewController+SYDRouter.m in Sources */ = {isa = PBXBuildFile; fileRef = 746B091E21EB5C37000EE88B /* UIViewController+SYDRouter.m */; };
		746B092121EB6DA1000EE88B /* ApolloAdapter.swift in Sources */ = {isa = PBXBuildFile; fileRef = 746B092021EB6DA1000EE88B /* ApolloAdapter.swift */; };
		746B092E21EB7362000EE88B /* ZLMainViewController.m in Sources */ = {isa = PBXBuildFile; fileRef = 746B092D21EB7362000EE88B /* ZLMainViewController.m */; };
		A6389CC5113B9E045DD7D154 /* Pods_ZLGitHubClient.framework in Frameworks */ = {isa = PBXBuildFile; fileRef = 71EC483528FF72DE8C8B1035 /* Pods_ZLGitHubClient.framework */; };
/* End PBXBuildFile section */

/* Begin PBXFileReference section */
		042F5F698DAC01847DA61C71 /* Pods-ZLGitHubClient.release.xcconfig */ = {isa = PBXFileReference; includeInIndex = 1; lastKnownFileType = text.xcconfig; name = "Pods-ZLGitHubClient.release.xcconfig"; path = "Pods/Target Support Files/Pods-ZLGitHubClient/Pods-ZLGitHubClient.release.xcconfig"; sourceTree = "<group>"; };
		0ADF902A21D4B01900BF86CD /* ZLGitHubClient.app */ = {isa = PBXFileReference; explicitFileType = wrapper.application; includeInIndex = 0; path = ZLGitHubClient.app; sourceTree = BUILT_PRODUCTS_DIR; };
		0ADF902D21D4B01900BF86CD /* AppDelegate.h */ = {isa = PBXFileReference; lastKnownFileType = sourcecode.c.h; path = AppDelegate.h; sourceTree = "<group>"; };
		0ADF902E21D4B01900BF86CD /* AppDelegate.m */ = {isa = PBXFileReference; lastKnownFileType = sourcecode.c.objc; path = AppDelegate.m; sourceTree = "<group>"; };
		0ADF903421D4B01900BF86CD /* Base */ = {isa = PBXFileReference; lastKnownFileType = file.storyboard; name = Base; path = Base.lproj/Main.storyboard; sourceTree = "<group>"; };
		0ADF903621D4B01900BF86CD /* Assets.xcassets */ = {isa = PBXFileReference; lastKnownFileType = folder.assetcatalog; path = Assets.xcassets; sourceTree = "<group>"; };
		0ADF903921D4B01900BF86CD /* Base */ = {isa = PBXFileReference; lastKnownFileType = file.storyboard; name = Base; path = Base.lproj/LaunchScreen.storyboard; sourceTree = "<group>"; };
		0ADF903B21D4B01900BF86CD /* ZLGitHubClient_Info.plist */ = {isa = PBXFileReference; lastKnownFileType = text.plist.xml; path = ZLGitHubClient_Info.plist; sourceTree = "<group>"; };
		0ADF903C21D4B01900BF86CD /* main.m */ = {isa = PBXFileReference; lastKnownFileType = sourcecode.c.objc; path = main.m; sourceTree = "<group>"; };
		0ADF904321D4D33D00BF86CD /* ZLGitHubClient-Bridging-Header.h */ = {isa = PBXFileReference; lastKnownFileType = sourcecode.c.h; path = "ZLGitHubClient-Bridging-Header.h"; sourceTree = "<group>"; };
		71EC483528FF72DE8C8B1035 /* Pods_ZLGitHubClient.framework */ = {isa = PBXFileReference; explicitFileType = wrapper.framework; includeInIndex = 0; path = Pods_ZLGitHubClient.framework; sourceTree = BUILT_PRODUCTS_DIR; };
		7436AC7B21EB7B4500F03276 /* ZLBaseNavigationViewController.h */ = {isa = PBXFileReference; fileEncoding = 4; lastKnownFileType = sourcecode.c.h; path = ZLBaseNavigationViewController.h; sourceTree = "<group>"; };
		7436AC7C21EB7B4500F03276 /* ZLBaseNavigationViewController.m */ = {isa = PBXFileReference; fileEncoding = 4; lastKnownFileType = sourcecode.c.objc; path = ZLBaseNavigationViewController.m; sourceTree = "<group>"; };
		7436AC7D21EB7B4500F03276 /* ZLBaseUIHeader.h */ = {isa = PBXFileReference; fileEncoding = 4; lastKnownFileType = sourcecode.c.h; path = ZLBaseUIHeader.h; sourceTree = "<group>"; };
		7436AC7E21EB7B4500F03276 /* ZLBaseView.h */ = {isa = PBXFileReference; fileEncoding = 4; lastKnownFileType = sourcecode.c.h; path = ZLBaseView.h; sourceTree = "<group>"; };
		7436AC7F21EB7B4500F03276 /* ZLBaseView.m */ = {isa = PBXFileReference; fileEncoding = 4; lastKnownFileType = sourcecode.c.objc; path = ZLBaseView.m; sourceTree = "<group>"; };
		7436AC8021EB7B4500F03276 /* ZLBaseViewController.h */ = {isa = PBXFileReference; fileEncoding = 4; lastKnownFileType = sourcecode.c.h; path = ZLBaseViewController.h; sourceTree = "<group>"; };
		7436AC8121EB7B4500F03276 /* ZLBaseViewController.m */ = {isa = PBXFileReference; fileEncoding = 4; lastKnownFileType = sourcecode.c.objc; path = ZLBaseViewController.m; sourceTree = "<group>"; };
		7436AC8521EB815800F03276 /* SYDCenteralFactoryConfig.plist */ = {isa = PBXFileReference; lastKnownFileType = text.plist.xml; path = SYDCenteralFactoryConfig.plist; sourceTree = "<group>"; };
		7436AC8821EB848700F03276 /* SYDCentralPivotUIAdapter.h */ = {isa = PBXFileReference; lastKnownFileType = sourcecode.c.h; path = SYDCentralPivotUIAdapter.h; sourceTree = "<group>"; };
		7436AC8921EB848700F03276 /* SYDCentralPivotUIAdapter.m */ = {isa = PBXFileReference; lastKnownFileType = sourcecode.c.objc; path = SYDCentralPivotUIAdapter.m; sourceTree = "<group>"; };
		746B090921EB5C37000EE88B /* SYDCentralFactory+SYDService.h */ = {isa = PBXFileReference; lastKnownFileType = sourcecode.c.h; path = "SYDCentralFactory+SYDService.h"; sourceTree = "<group>"; };
		746B090A21EB5C37000EE88B /* SYDCentralFactory+SYDService.m */ = {isa = PBXFileReference; lastKnownFileType = sourcecode.c.objc; path = "SYDCentralFactory+SYDService.m"; sourceTree = "<group>"; };
		746B090B21EB5C37000EE88B /* SYDCentralFactory+ViewController.h */ = {isa = PBXFileReference; lastKnownFileType = sourcecode.c.h; path = "SYDCentralFactory+ViewController.h"; sourceTree = "<group>"; };
		746B090C21EB5C37000EE88B /* SYDCentralFactory+ViewController.m */ = {isa = PBXFileReference; lastKnownFileType = sourcecode.c.objc; path = "SYDCentralFactory+ViewController.m"; sourceTree = "<group>"; };
		746B090D21EB5C37000EE88B /* SYDCentralFactory.h */ = {isa = PBXFileReference; lastKnownFileType = sourcecode.c.h; path = SYDCentralFactory.h; sourceTree = "<group>"; };
		746B090E21EB5C37000EE88B /* SYDCentralFactory.m */ = {isa = PBXFileReference; lastKnownFileType = sourcecode.c.objc; path = SYDCentralFactory.m; sourceTree = "<group>"; };
		746B090F21EB5C37000EE88B /* SYDCentralPivotHeader.h */ = {isa = PBXFileReference; lastKnownFileType = sourcecode.c.h; path = SYDCentralPivotHeader.h; sourceTree = "<group>"; };
		746B091121EB5C37000EE88B /* SYDCentralQueuePool.h */ = {isa = PBXFileReference; lastKnownFileType = sourcecode.c.h; path = SYDCentralQueuePool.h; sourceTree = "<group>"; };
		746B091221EB5C37000EE88B /* SYDCentralQueuePool.m */ = {isa = PBXFileReference; lastKnownFileType = sourcecode.c.objc; path = SYDCentralQueuePool.m; sourceTree = "<group>"; };
		746B091421EB5C37000EE88B /* SYDCentralRouter+SYDService.h */ = {isa = PBXFileReference; lastKnownFileType = sourcecode.c.h; path = "SYDCentralRouter+SYDService.h"; sourceTree = "<group>"; };
		746B091521EB5C37000EE88B /* SYDCentralRouter+SYDService.m */ = {isa = PBXFileReference; lastKnownFileType = sourcecode.c.objc; path = "SYDCentralRouter+SYDService.m"; sourceTree = "<group>"; };
		746B091621EB5C37000EE88B /* SYDCentralRouter+ViewController.h */ = {isa = PBXFileReference; lastKnownFileType = sourcecode.c.h; path = "SYDCentralRouter+ViewController.h"; sourceTree = "<group>"; };
		746B091721EB5C37000EE88B /* SYDCentralRouter+ViewController.m */ = {isa = PBXFileReference; lastKnownFileType = sourcecode.c.objc; path = "SYDCentralRouter+ViewController.m"; sourceTree = "<group>"; };
		746B091821EB5C37000EE88B /* SYDCentralRouter.h */ = {isa = PBXFileReference; lastKnownFileType = sourcecode.c.h; path = SYDCentralRouter.h; sourceTree = "<group>"; };
		746B091921EB5C37000EE88B /* SYDCentralRouter.m */ = {isa = PBXFileReference; lastKnownFileType = sourcecode.c.objc; path = SYDCentralRouter.m; sourceTree = "<group>"; };
		746B091A21EB5C37000EE88B /* SYDCentralRouterModel.h */ = {isa = PBXFileReference; lastKnownFileType = sourcecode.c.h; path = SYDCentralRouterModel.h; sourceTree = "<group>"; };
		746B091B21EB5C37000EE88B /* SYDCentralRouterModel.m */ = {isa = PBXFileReference; lastKnownFileType = sourcecode.c.objc; path = SYDCentralRouterModel.m; sourceTree = "<group>"; };
		746B091D21EB5C37000EE88B /* UIViewController+SYDRouter.h */ = {isa = PBXFileReference; lastKnownFileType = sourcecode.c.h; path = "UIViewController+SYDRouter.h"; sourceTree = "<group>"; };
		746B091E21EB5C37000EE88B /* UIViewController+SYDRouter.m */ = {isa = PBXFileReference; lastKnownFileType = sourcecode.c.objc; path = "UIViewController+SYDRouter.m"; sourceTree = "<group>"; };
		746B092021EB6DA1000EE88B /* ApolloAdapter.swift */ = {isa = PBXFileReference; lastKnownFileType = sourcecode.swift; path = ApolloAdapter.swift; sourceTree = "<group>"; };
		746B092C21EB7362000EE88B /* ZLMainViewController.h */ = {isa = PBXFileReference; lastKnownFileType = sourcecode.c.h; path = ZLMainViewController.h; sourceTree = "<group>"; };
		746B092D21EB7362000EE88B /* ZLMainViewController.m */ = {isa = PBXFileReference; lastKnownFileType = sourcecode.c.objc; path = ZLMainViewController.m; sourceTree = "<group>"; };
		746B093021EB74EF000EE88B /* ZLGitHubClient-Prefix.pch */ = {isa = PBXFileReference; lastKnownFileType = sourcecode.c.h; path = "ZLGitHubClient-Prefix.pch"; sourceTree = "<group>"; };
		CD0AEC7A0ED54B14C3F6E8C9 /* Pods-ZLGitHubClient.debug.xcconfig */ = {isa = PBXFileReference; includeInIndex = 1; lastKnownFileType = text.xcconfig; name = "Pods-ZLGitHubClient.debug.xcconfig"; path = "Pods/Target Support Files/Pods-ZLGitHubClient/Pods-ZLGitHubClient.debug.xcconfig"; sourceTree = "<group>"; };
/* End PBXFileReference section */

/* Begin PBXFrameworksBuildPhase section */
		0ADF902721D4B01900BF86CD /* Frameworks */ = {
			isa = PBXFrameworksBuildPhase;
			buildActionMask = 2147483647;
			files = (
				A6389CC5113B9E045DD7D154 /* Pods_ZLGitHubClient.framework in Frameworks */,
			);
			runOnlyForDeploymentPostprocessing = 0;
		};
/* End PBXFrameworksBuildPhase section */

/* Begin PBXGroup section */
		0ADF902121D4B01900BF86CD = {
			isa = PBXGroup;
			children = (
				0ADF902C21D4B01900BF86CD /* ZLGitHubClient */,
				0ADF902B21D4B01900BF86CD /* Products */,
				8AD159E421EC467DE119C80F /* Pods */,
				3179E7A2634BDD1B4D208684 /* Frameworks */,
			);
			sourceTree = "<group>";
		};
		0ADF902B21D4B01900BF86CD /* Products */ = {
			isa = PBXGroup;
			children = (
				0ADF902A21D4B01900BF86CD /* ZLGitHubClient.app */,
			);
			name = Products;
			sourceTree = "<group>";
		};
		0ADF902C21D4B01900BF86CD /* ZLGitHubClient */ = {
			isa = PBXGroup;
			children = (
				7436AC8721EB845500F03276 /* SYDCentralPivotAdapter */,
				746B092F21EB7496000EE88B /* ZLSupportFiles */,
				746B092221EB71F7000EE88B /* ZLUI */,
				746B091F21EB6D83000EE88B /* ApolloAdapter */,
				746B090721EB5C37000EE88B /* SYDCentralPivot */,
				0ADF902D21D4B01900BF86CD /* AppDelegate.h */,
				0ADF902E21D4B01900BF86CD /* AppDelegate.m */,
				0ADF903321D4B01900BF86CD /* Main.storyboard */,
				0ADF903621D4B01900BF86CD /* Assets.xcassets */,
				0ADF903821D4B01900BF86CD /* LaunchScreen.storyboard */,
				0ADF903C21D4B01900BF86CD /* main.m */,
			);
			path = ZLGitHubClient;
			sourceTree = "<group>";
		};
		3179E7A2634BDD1B4D208684 /* Frameworks */ = {
			isa = PBXGroup;
			children = (
				71EC483528FF72DE8C8B1035 /* Pods_ZLGitHubClient.framework */,
			);
			name = Frameworks;
			sourceTree = "<group>";
		};
		7436AC7A21EB7B4500F03276 /* ZLBaseUI */ = {
			isa = PBXGroup;
			children = (
				7436AC7B21EB7B4500F03276 /* ZLBaseNavigationViewController.h */,
				7436AC7C21EB7B4500F03276 /* ZLBaseNavigationViewController.m */,
				7436AC7D21EB7B4500F03276 /* ZLBaseUIHeader.h */,
				7436AC7E21EB7B4500F03276 /* ZLBaseView.h */,
				7436AC7F21EB7B4500F03276 /* ZLBaseView.m */,
				7436AC8021EB7B4500F03276 /* ZLBaseViewController.h */,
				7436AC8121EB7B4500F03276 /* ZLBaseViewController.m */,
			);
			path = ZLBaseUI;
			sourceTree = "<group>";
		};
		7436AC8721EB845500F03276 /* SYDCentralPivotAdapter */ = {
			isa = PBXGroup;
			children = (
				7436AC8821EB848700F03276 /* SYDCentralPivotUIAdapter.h */,
				7436AC8921EB848700F03276 /* SYDCentralPivotUIAdapter.m */,
			);
			path = SYDCentralPivotAdapter;
			sourceTree = "<group>";
		};
		746B090721EB5C37000EE88B /* SYDCentralPivot */ = {
			isa = PBXGroup;
			children = (
				746B090821EB5C37000EE88B /* SYDCentralFactory */,
				746B090F21EB5C37000EE88B /* SYDCentralPivotHeader.h */,
				746B091021EB5C37000EE88B /* SYDCentralQueuePool */,
				746B091321EB5C37000EE88B /* SYDCentralRouter */,
				746B091A21EB5C37000EE88B /* SYDCentralRouterModel.h */,
				746B091B21EB5C37000EE88B /* SYDCentralRouterModel.m */,
				746B091C21EB5C37000EE88B /* UIViewController */,
			);
			path = SYDCentralPivot;
			sourceTree = "<group>";
		};
		746B090821EB5C37000EE88B /* SYDCentralFactory */ = {
			isa = PBXGroup;
			children = (
				746B090921EB5C37000EE88B /* SYDCentralFactory+SYDService.h */,
				746B090A21EB5C37000EE88B /* SYDCentralFactory+SYDService.m */,
				746B090B21EB5C37000EE88B /* SYDCentralFactory+ViewController.h */,
				746B090C21EB5C37000EE88B /* SYDCentralFactory+ViewController.m */,
				746B090D21EB5C37000EE88B /* SYDCentralFactory.h */,
				746B090E21EB5C37000EE88B /* SYDCentralFactory.m */,
			);
			path = SYDCentralFactory;
			sourceTree = "<group>";
		};
		746B091021EB5C37000EE88B /* SYDCentralQueuePool */ = {
			isa = PBXGroup;
			children = (
				746B091121EB5C37000EE88B /* SYDCentralQueuePool.h */,
				746B091221EB5C37000EE88B /* SYDCentralQueuePool.m */,
			);
			path = SYDCentralQueuePool;
			sourceTree = "<group>";
		};
		746B091321EB5C37000EE88B /* SYDCentralRouter */ = {
			isa = PBXGroup;
			children = (
				746B091421EB5C37000EE88B /* SYDCentralRouter+SYDService.h */,
				746B091521EB5C37000EE88B /* SYDCentralRouter+SYDService.m */,
				746B091621EB5C37000EE88B /* SYDCentralRouter+ViewController.h */,
				746B091721EB5C37000EE88B /* SYDCentralRouter+ViewController.m */,
				746B091821EB5C37000EE88B /* SYDCentralRouter.h */,
				746B091921EB5C37000EE88B /* SYDCentralRouter.m */,
			);
			path = SYDCentralRouter;
			sourceTree = "<group>";
		};
		746B091C21EB5C37000EE88B /* UIViewController */ = {
			isa = PBXGroup;
			children = (
				746B091D21EB5C37000EE88B /* UIViewController+SYDRouter.h */,
				746B091E21EB5C37000EE88B /* UIViewController+SYDRouter.m */,
			);
			path = UIViewController;
			sourceTree = "<group>";
		};
		746B091F21EB6D83000EE88B /* ApolloAdapter */ = {
			isa = PBXGroup;
			children = (
				746B092021EB6DA1000EE88B /* ApolloAdapter.swift */,
			);
			path = ApolloAdapter;
			sourceTree = "<group>";
		};
		746B092221EB71F7000EE88B /* ZLUI */ = {
			isa = PBXGroup;
			children = (
				7436AC7A21EB7B4500F03276 /* ZLBaseUI */,
				746B092B21EB7305000EE88B /* ZLMainViewController */,
			);
			path = ZLUI;
			sourceTree = "<group>";
		};
		746B092B21EB7305000EE88B /* ZLMainViewController */ = {
			isa = PBXGroup;
			children = (
				746B092C21EB7362000EE88B /* ZLMainViewController.h */,
				746B092D21EB7362000EE88B /* ZLMainViewController.m */,
			);
			path = ZLMainViewController;
			sourceTree = "<group>";
		};
		746B092F21EB7496000EE88B /* ZLSupportFiles */ = {
			isa = PBXGroup;
			children = (
				746B093021EB74EF000EE88B /* ZLGitHubClient-Prefix.pch */,
				0ADF903B21D4B01900BF86CD /* ZLGitHubClient_Info.plist */,
				0ADF904321D4D33D00BF86CD /* ZLGitHubClient-Bridging-Header.h */,
				7436AC8521EB815800F03276 /* SYDCenteralFactoryConfig.plist */,
			);
			path = ZLSupportFiles;
			sourceTree = "<group>";
		};
		8AD159E421EC467DE119C80F /* Pods */ = {
			isa = PBXGroup;
			children = (
				CD0AEC7A0ED54B14C3F6E8C9 /* Pods-ZLGitHubClient.debug.xcconfig */,
				042F5F698DAC01847DA61C71 /* Pods-ZLGitHubClient.release.xcconfig */,
			);
			name = Pods;
			sourceTree = "<group>";
		};
/* End PBXGroup section */

/* Begin PBXNativeTarget section */
		0ADF902921D4B01900BF86CD /* ZLGitHubClient */ = {
			isa = PBXNativeTarget;
			buildConfigurationList = 0ADF904021D4B01900BF86CD /* Build configuration list for PBXNativeTarget "ZLGitHubClient" */;
			buildPhases = (
				BBD773204C4E643DC8C6C6DA /* [CP] Check Pods Manifest.lock */,
				0ADF902621D4B01900BF86CD /* Sources */,
				0ADF902721D4B01900BF86CD /* Frameworks */,
				0ADF902821D4B01900BF86CD /* Resources */,
				390C286527A3295B07634395 /* [CP] Embed Pods Frameworks */,
				9B832D1F472226EE4E8BE513 /* [CP] Copy Pods Resources */,
			);
			buildRules = (
			);
			dependencies = (
			);
			name = ZLGitHubClient;
			productName = ZLGitHubClient;
			productReference = 0ADF902A21D4B01900BF86CD /* ZLGitHubClient.app */;
			productType = "com.apple.product-type.application";
		};
/* End PBXNativeTarget section */

/* Begin PBXProject section */
		0ADF902221D4B01900BF86CD /* Project object */ = {
			isa = PBXProject;
			attributes = {
				LastUpgradeCheck = 0900;
				ORGANIZATIONNAME = ZTE;
				TargetAttributes = {
					0ADF902921D4B01900BF86CD = {
						CreatedOnToolsVersion = 9.0.1;
						LastSwiftMigration = 0900;
						ProvisioningStyle = Automatic;
					};
				};
			};
			buildConfigurationList = 0ADF902521D4B01900BF86CD /* Build configuration list for PBXProject "ZLGitHubClient" */;
			compatibilityVersion = "Xcode 8.0";
			developmentRegion = en;
			hasScannedForEncodings = 0;
			knownRegions = (
				en,
				Base,
			);
			mainGroup = 0ADF902121D4B01900BF86CD;
			productRefGroup = 0ADF902B21D4B01900BF86CD /* Products */;
			projectDirPath = "";
			projectRoot = "";
			targets = (
				0ADF902921D4B01900BF86CD /* ZLGitHubClient */,
			);
		};
/* End PBXProject section */

/* Begin PBXResourcesBuildPhase section */
		0ADF902821D4B01900BF86CD /* Resources */ = {
			isa = PBXResourcesBuildPhase;
			buildActionMask = 2147483647;
			files = (
				0ADF903A21D4B01900BF86CD /* LaunchScreen.storyboard in Resources */,
				0ADF903721D4B01900BF86CD /* Assets.xcassets in Resources */,
				7436AC8621EB815800F03276 /* SYDCenteralFactoryConfig.plist in Resources */,
				0ADF903521D4B01900BF86CD /* Main.storyboard in Resources */,
			);
			runOnlyForDeploymentPostprocessing = 0;
		};
/* End PBXResourcesBuildPhase section */

/* Begin PBXShellScriptBuildPhase section */
		390C286527A3295B07634395 /* [CP] Embed Pods Frameworks */ = {
			isa = PBXShellScriptBuildPhase;
			buildActionMask = 2147483647;
			files = (
			);
			inputPaths = (
				"${SRCROOT}/Pods/Target Support Files/Pods-ZLGitHubClient/Pods-ZLGitHubClient-frameworks.sh",
				"${BUILT_PRODUCTS_DIR}/Apollo/Apollo.framework",
			);
			name = "[CP] Embed Pods Frameworks";
			outputPaths = (
				"${TARGET_BUILD_DIR}/${FRAMEWORKS_FOLDER_PATH}/Apollo.framework",
			);
			runOnlyForDeploymentPostprocessing = 0;
			shellPath = /bin/sh;
			shellScript = "\"${SRCROOT}/Pods/Target Support Files/Pods-ZLGitHubClient/Pods-ZLGitHubClient-frameworks.sh\"\n";
			showEnvVarsInLog = 0;
		};
		9B832D1F472226EE4E8BE513 /* [CP] Copy Pods Resources */ = {
			isa = PBXShellScriptBuildPhase;
			buildActionMask = 2147483647;
			files = (
			);
			inputPaths = (
			);
			name = "[CP] Copy Pods Resources";
			outputPaths = (
			);
			runOnlyForDeploymentPostprocessing = 0;
			shellPath = /bin/sh;
			shellScript = "\"${SRCROOT}/Pods/Target Support Files/Pods-ZLGitHubClient/Pods-ZLGitHubClient-resources.sh\"\n";
			showEnvVarsInLog = 0;
		};
		BBD773204C4E643DC8C6C6DA /* [CP] Check Pods Manifest.lock */ = {
			isa = PBXShellScriptBuildPhase;
			buildActionMask = 2147483647;
			files = (
			);
			inputPaths = (
				"${PODS_PODFILE_DIR_PATH}/Podfile.lock",
				"${PODS_ROOT}/Manifest.lock",
			);
			name = "[CP] Check Pods Manifest.lock";
			outputPaths = (
				"$(DERIVED_FILE_DIR)/Pods-ZLGitHubClient-checkManifestLockResult.txt",
			);
			runOnlyForDeploymentPostprocessing = 0;
			shellPath = /bin/sh;
			shellScript = "diff \"${PODS_PODFILE_DIR_PATH}/Podfile.lock\" \"${PODS_ROOT}/Manifest.lock\" > /dev/null\nif [ $? != 0 ] ; then\n    # print error to STDERR\n    echo \"error: The sandbox is not in sync with the Podfile.lock. Run 'pod install' or update your CocoaPods installation.\" >&2\n    exit 1\nfi\n# This output is used by Xcode 'outputs' to avoid re-running this script phase.\necho \"SUCCESS\" > \"${SCRIPT_OUTPUT_FILE_0}\"\n";
			showEnvVarsInLog = 0;
		};
/* End PBXShellScriptBuildPhase section */

/* Begin PBXSourcesBuildPhase section */
		0ADF902621D4B01900BF86CD /* Sources */ = {
			isa = PBXSourcesBuildPhase;
			buildActionMask = 2147483647;
			files = (
				7436AC8B21EB869C00F03276 /* SYDCentralFactory+SYDService.m in Sources */,
				7436AC8C21EB869C00F03276 /* SYDCentralFactory+ViewController.m in Sources */,
				7436AC8D21EB869C00F03276 /* SYDCentralFactory.m in Sources */,
				7436AC8E21EB869C00F03276 /* SYDCentralQueuePool.m in Sources */,
				7436AC8F21EB869C00F03276 /* SYDCentralRouter+SYDService.m in Sources */,
				7436AC9021EB869C00F03276 /* SYDCentralRouter+ViewController.m in Sources */,
				7436AC9121EB869D00F03276 /* SYDCentralRouter.m in Sources */,
				7436AC9221EB869D00F03276 /* SYDCentralRouterModel.m in Sources */,
				7436AC9321EB869D00F03276 /* UIViewController+SYDRouter.m in Sources */,
				7436AC8221EB7B4500F03276 /* ZLBaseNavigationViewController.m in Sources */,
				7436AC8421EB7B4500F03276 /* ZLBaseViewController.m in Sources */,
				0ADF903D21D4B01900BF86CD /* main.m in Sources */,
				7436AC8321EB7B4500F03276 /* ZLBaseView.m in Sources */,
				746B092121EB6DA1000EE88B /* ApolloAdapter.swift in Sources */,
				0ADF902F21D4B01900BF86CD /* AppDelegate.m in Sources */,
				746B092E21EB7362000EE88B /* ZLMainViewController.m in Sources */,
				7436AC8A21EB848700F03276 /* SYDCentralPivotUIAdapter.m in Sources */,
			);
			runOnlyForDeploymentPostprocessing = 0;
		};
/* End PBXSourcesBuildPhase section */

/* Begin PBXVariantGroup section */
		0ADF903321D4B01900BF86CD /* Main.storyboard */ = {
			isa = PBXVariantGroup;
			children = (
				0ADF903421D4B01900BF86CD /* Base */,
			);
			name = Main.storyboard;
			sourceTree = "<group>";
		};
		0ADF903821D4B01900BF86CD /* LaunchScreen.storyboard */ = {
			isa = PBXVariantGroup;
			children = (
				0ADF903921D4B01900BF86CD /* Base */,
			);
			name = LaunchScreen.storyboard;
			sourceTree = "<group>";
		};
/* End PBXVariantGroup section */

/* Begin XCBuildConfiguration section */
		0ADF903E21D4B01900BF86CD /* Debug */ = {
			isa = XCBuildConfiguration;
			buildSettings = {
				ALWAYS_SEARCH_USER_PATHS = NO;
				CLANG_ANALYZER_NONNULL = YES;
				CLANG_ANALYZER_NUMBER_OBJECT_CONVERSION = YES_AGGRESSIVE;
				CLANG_CXX_LANGUAGE_STANDARD = "gnu++14";
				CLANG_CXX_LIBRARY = "libc++";
				CLANG_ENABLE_MODULES = YES;
				CLANG_ENABLE_OBJC_ARC = YES;
				CLANG_WARN_BLOCK_CAPTURE_AUTORELEASING = YES;
				CLANG_WARN_BOOL_CONVERSION = YES;
				CLANG_WARN_COMMA = YES;
				CLANG_WARN_CONSTANT_CONVERSION = YES;
				CLANG_WARN_DIRECT_OBJC_ISA_USAGE = YES_ERROR;
				CLANG_WARN_DOCUMENTATION_COMMENTS = YES;
				CLANG_WARN_EMPTY_BODY = YES;
				CLANG_WARN_ENUM_CONVERSION = YES;
				CLANG_WARN_INFINITE_RECURSION = YES;
				CLANG_WARN_INT_CONVERSION = YES;
				CLANG_WARN_NON_LITERAL_NULL_CONVERSION = YES;
				CLANG_WARN_OBJC_LITERAL_CONVERSION = YES;
				CLANG_WARN_OBJC_ROOT_CLASS = YES_ERROR;
				CLANG_WARN_RANGE_LOOP_ANALYSIS = YES;
				CLANG_WARN_STRICT_PROTOTYPES = YES;
				CLANG_WARN_SUSPICIOUS_MOVE = YES;
				CLANG_WARN_UNGUARDED_AVAILABILITY = YES_AGGRESSIVE;
				CLANG_WARN_UNREACHABLE_CODE = YES;
				CLANG_WARN__DUPLICATE_METHOD_MATCH = YES;
				CODE_SIGN_IDENTITY = "iPhone Developer";
				COPY_PHASE_STRIP = NO;
				DEBUG_INFORMATION_FORMAT = dwarf;
				ENABLE_STRICT_OBJC_MSGSEND = YES;
				ENABLE_TESTABILITY = YES;
				GCC_C_LANGUAGE_STANDARD = gnu11;
				GCC_DYNAMIC_NO_PIC = NO;
				GCC_NO_COMMON_BLOCKS = YES;
				GCC_OPTIMIZATION_LEVEL = 0;
				GCC_PREPROCESSOR_DEFINITIONS = (
					"DEBUG=1",
					"$(inherited)",
				);
				GCC_WARN_64_TO_32_BIT_CONVERSION = YES;
				GCC_WARN_ABOUT_RETURN_TYPE = YES_ERROR;
				GCC_WARN_UNDECLARED_SELECTOR = YES;
				GCC_WARN_UNINITIALIZED_AUTOS = YES_AGGRESSIVE;
				GCC_WARN_UNUSED_FUNCTION = YES;
				GCC_WARN_UNUSED_VARIABLE = YES;
				IPHONEOS_DEPLOYMENT_TARGET = 8.0;
				MTL_ENABLE_DEBUG_INFO = YES;
				ONLY_ACTIVE_ARCH = YES;
				SDKROOT = iphoneos;
			};
			name = Debug;
		};
		0ADF903F21D4B01900BF86CD /* Release */ = {
			isa = XCBuildConfiguration;
			buildSettings = {
				ALWAYS_SEARCH_USER_PATHS = NO;
				CLANG_ANALYZER_NONNULL = YES;
				CLANG_ANALYZER_NUMBER_OBJECT_CONVERSION = YES_AGGRESSIVE;
				CLANG_CXX_LANGUAGE_STANDARD = "gnu++14";
				CLANG_CXX_LIBRARY = "libc++";
				CLANG_ENABLE_MODULES = YES;
				CLANG_ENABLE_OBJC_ARC = YES;
				CLANG_WARN_BLOCK_CAPTURE_AUTORELEASING = YES;
				CLANG_WARN_BOOL_CONVERSION = YES;
				CLANG_WARN_COMMA = YES;
				CLANG_WARN_CONSTANT_CONVERSION = YES;
				CLANG_WARN_DIRECT_OBJC_ISA_USAGE = YES_ERROR;
				CLANG_WARN_DOCUMENTATION_COMMENTS = YES;
				CLANG_WARN_EMPTY_BODY = YES;
				CLANG_WARN_ENUM_CONVERSION = YES;
				CLANG_WARN_INFINITE_RECURSION = YES;
				CLANG_WARN_INT_CONVERSION = YES;
				CLANG_WARN_NON_LITERAL_NULL_CONVERSION = YES;
				CLANG_WARN_OBJC_LITERAL_CONVERSION = YES;
				CLANG_WARN_OBJC_ROOT_CLASS = YES_ERROR;
				CLANG_WARN_RANGE_LOOP_ANALYSIS = YES;
				CLANG_WARN_STRICT_PROTOTYPES = YES;
				CLANG_WARN_SUSPICIOUS_MOVE = YES;
				CLANG_WARN_UNGUARDED_AVAILABILITY = YES_AGGRESSIVE;
				CLANG_WARN_UNREACHABLE_CODE = YES;
				CLANG_WARN__DUPLICATE_METHOD_MATCH = YES;
				CODE_SIGN_IDENTITY = "iPhone Developer";
				COPY_PHASE_STRIP = NO;
				DEBUG_INFORMATION_FORMAT = "dwarf-with-dsym";
				ENABLE_NS_ASSERTIONS = NO;
				ENABLE_STRICT_OBJC_MSGSEND = YES;
				GCC_C_LANGUAGE_STANDARD = gnu11;
				GCC_NO_COMMON_BLOCKS = YES;
				GCC_WARN_64_TO_32_BIT_CONVERSION = YES;
				GCC_WARN_ABOUT_RETURN_TYPE = YES_ERROR;
				GCC_WARN_UNDECLARED_SELECTOR = YES;
				GCC_WARN_UNINITIALIZED_AUTOS = YES_AGGRESSIVE;
				GCC_WARN_UNUSED_FUNCTION = YES;
				GCC_WARN_UNUSED_VARIABLE = YES;
				IPHONEOS_DEPLOYMENT_TARGET = 8.0;
				MTL_ENABLE_DEBUG_INFO = NO;
				SDKROOT = iphoneos;
				VALIDATE_PRODUCT = YES;
			};
			name = Release;
		};
		0ADF904121D4B01900BF86CD /* Debug */ = {
			isa = XCBuildConfiguration;
			baseConfigurationReference = CD0AEC7A0ED54B14C3F6E8C9 /* Pods-ZLGitHubClient.debug.xcconfig */;
			buildSettings = {
				ALWAYS_EMBED_SWIFT_STANDARD_LIBRARIES = NO;
				ASSETCATALOG_COMPILER_APPICON_NAME = AppIcon;
				CLANG_ENABLE_MODULES = YES;
				"CODE_SIGN_IDENTITY[sdk=iphoneos*]" = "iPhone Developer";
				CODE_SIGN_STYLE = Automatic;
				DEFINES_MODULE = YES;
				DEVELOPMENT_TEAM = 24LG5QVBPR;
				EMBED_ASSET_PACKS_IN_PRODUCT_BUNDLE = NO;
				GCC_PRECOMPILE_PREFIX_HEADER = YES;
				GCC_PREFIX_HEADER = "ZLGitHubClient/ZLSupportFiles/ZLGitHubClient-Prefix.pch";
				INFOPLIST_FILE = ZLGitHubClient/ZLSupportFiles/ZLGitHubClient_Info.plist;
				IPHONEOS_DEPLOYMENT_TARGET = 9.0;
				LD_RUNPATH_SEARCH_PATHS = "$(inherited) @executable_path/Frameworks";
				NEW_SETTING = "";
				PRODUCT_BUNDLE_IDENTIFIER = com.zm.ZLGitHubClient;
				PRODUCT_NAME = "$(TARGET_NAME)";
				PROVISIONING_PROFILE = "";
				PROVISIONING_PROFILE_SPECIFIER = "";
				SWIFT_OBJC_BRIDGING_HEADER = "ZLGitHubClient/ZLSupportFiles/ZLGitHubClient-Bridging-Header.h";
				SWIFT_OPTIMIZATION_LEVEL = "-Onone";
				SWIFT_VERSION = 4.0;
				TARGETED_DEVICE_FAMILY = "1,2";
			};
			name = Debug;
		};
		0ADF904221D4B01900BF86CD /* Release */ = {
			isa = XCBuildConfiguration;
			baseConfigurationReference = 042F5F698DAC01847DA61C71 /* Pods-ZLGitHubClient.release.xcconfig */;
			buildSettings = {
				ALWAYS_EMBED_SWIFT_STANDARD_LIBRARIES = NO;
				ASSETCATALOG_COMPILER_APPICON_NAME = AppIcon;
				CLANG_ENABLE_MODULES = YES;
				"CODE_SIGN_IDENTITY[sdk=iphoneos*]" = "iPhone Developer";
				CODE_SIGN_STYLE = Automatic;
				DEFINES_MODULE = YES;
				DEVELOPMENT_TEAM = 24LG5QVBPR;
				EMBED_ASSET_PACKS_IN_PRODUCT_BUNDLE = NO;
				GCC_PRECOMPILE_PREFIX_HEADER = YES;
				GCC_PREFIX_HEADER = "ZLGitHubClient/ZLSupportFiles/ZLGitHubClient-Prefix.pch";
				INFOPLIST_FILE = ZLGitHubClient/ZLSupportFiles/ZLGitHubClient_Info.plist;
				IPHONEOS_DEPLOYMENT_TARGET = 9.0;
				LD_RUNPATH_SEARCH_PATHS = "$(inherited) @executable_path/Frameworks";
				NEW_SETTING = "";
				PRODUCT_BUNDLE_IDENTIFIER = com.zm.ZLGitHubClient;
				PRODUCT_NAME = "$(TARGET_NAME)";
				PROVISIONING_PROFILE = "";
				PROVISIONING_PROFILE_SPECIFIER = "";
				SWIFT_OBJC_BRIDGING_HEADER = "ZLGitHubClient/ZLSupportFiles/ZLGitHubClient-Bridging-Header.h";
				SWIFT_VERSION = 4.0;
				TARGETED_DEVICE_FAMILY = "1,2";
			};
			name = Release;
		};
/* End XCBuildConfiguration section */

/* Begin XCConfigurationList section */
		0ADF902521D4B01900BF86CD /* Build configuration list for PBXProject "ZLGitHubClient" */ = {
			isa = XCConfigurationList;
			buildConfigurations = (
				0ADF903E21D4B01900BF86CD /* Debug */,
				0ADF903F21D4B01900BF86CD /* Release */,
			);
			defaultConfigurationIsVisible = 0;
			defaultConfigurationName = Release;
		};
		0ADF904021D4B01900BF86CD /* Build configuration list for PBXNativeTarget "ZLGitHubClient" */ = {
			isa = XCConfigurationList;
			buildConfigurations = (
				0ADF904121D4B01900BF86CD /* Debug */,
				0ADF904221D4B01900BF86CD /* Release */,
			);
			defaultConfigurationIsVisible = 0;
			defaultConfigurationName = Release;
		};
/* End XCConfigurationList section */
	};
	rootObject = 0ADF902221D4B01900BF86CD /* Project object */;
}
