PODS:
  - AFNetworking/NSURLSession (4.0.1):
    - AFNetworking/Reachability
    - AFNetworking/Security
    - AFNetworking/Serialization
  - AFNetworking/Reachability (4.0.1)
  - AFNetworking/Security (4.0.1)
  - AFNetworking/Serialization (4.0.1)
  - Apollo (0.39.0):
    - Apollo/Core (= 0.39.0)
  - Apollo/Core (0.39.0)
  - BSBacktraceLogger (0.0.1)
  - Bugly (2.5.71)
  - Charts (3.6.0):
    - Charts/Core (= 3.6.0)
  - Charts/Core (3.6.0)
  - CircleMenu (4.1.0)
  - CocoaLumberjack (3.7.0):
    - CocoaLumberjack/Core (= 3.7.0)
  - CocoaLumberjack/Core (3.7.0)
  - DoraemonKit/Core (2.0.0):
    - BSBacktraceLogger
    - fishhook
  - DoraemonKit/WithLogger (2.0.0):
    - BSBacktraceLogger
    - CocoaLumberjack
    - DoraemonKit/Core
    - fishhook
  - DoraemonKit/WithMLeaksFinder (2.0.0):
    - BSBacktraceLogger
    - DoraemonKit/Core
    - FBRetainCycleDetector
    - fishhook
  - FBRetainCycleDetector (0.1.4)
  - FFPopup (1.1.4)
  - fishhook (0.2)
  - FMDB (2.7.5):
    - FMDB/standard (= 2.7.5)
  - FMDB/standard (2.7.5)
  - FWPopupView (4.1.5):
    - SnapKit
  - IQKeyboardManager (6.5.6)
  - JJException (0.2.9):
    - JJException/All (= 0.2.9)
  - JJException/All (0.2.9):
    - JJException/ARC
    - JJException/DeallocBlock
    - JJException/Main
    - JJException/MRC
    - JJException/Swizzle
  - JJException/ARC (0.2.9):
    - JJException/DeallocBlock
    - JJException/Main
    - JJException/Swizzle
  - JJException/DeallocBlock (0.2.9)
  - JJException/Main (0.2.9)
  - JJException/MRC (0.2.9):
    - JJException/Main
    - JJException/Swizzle
  - JJException/Swizzle (0.2.9)
  - JXSegmentedView (1.2.7)
  - LookinServer (1.0.0)
  - Masonry (1.1.0)
  - MJExtension (3.2.2)
  - MJRefresh (3.5.0)
  - SDWebImage (5.0.6):
    - SDWebImage/Core (= 5.0.6)
  - SDWebImage/Core (5.0.6)
  - SnapKit (4.0.1)
  - SVProgressHUD (2.2.5)
  - Toast (4.0.0)
  - Toast-Swift (5.0.1)
  - "UITextView+Placeholder (1.4.0)"
  - YYText (1.0.7)

DEPENDENCIES:
  - AFNetworking/NSURLSession
  - AFNetworking/Reachability
  - AFNetworking/Security
  - AFNetworking/Serialization
  - Apollo
  - Bugly
  - Charts
  - CircleMenu
  - CocoaLumberjack
  - DoraemonKit/Core (~> 2.0.0)
  - DoraemonKit/WithLogger (~> 2.0.0)
  - DoraemonKit/WithMLeaksFinder (= 2.0.0)
  - FFPopup
  - FMDB
  - FWPopupView
  - IQKeyboardManager
  - JJException
  - JXSegmentedView
  - LookinServer
  - Masonry
  - MJExtension
  - MJRefresh
  - SDWebImage (~> 5.0.0)
  - SnapKit (~> 4.0.0)
  - SVProgressHUD
  - Toast
  - Toast-Swift
  - "UITextView+Placeholder"
  - YYText

SPEC REPOS:
  trunk:
    - AFNetworking
    - Apollo
    - BSBacktraceLogger
    - Bugly
    - Charts
    - CircleMenu
    - CocoaLumberjack
    - DoraemonKit
    - FBRetainCycleDetector
    - FFPopup
    - fishhook
    - FMDB
    - FWPopupView
    - IQKeyboardManager
    - JJException
    - JXSegmentedView
    - LookinServer
    - Masonry
    - MJExtension
    - MJRefresh
    - SDWebImage
    - SnapKit
    - SVProgressHUD
    - Toast
    - Toast-Swift
    - "UITextView+Placeholder"
    - YYText

SPEC CHECKSUMS:
  AFNetworking: 7864c38297c79aaca1500c33288e429c3451fdce
  Apollo: f6c6410ebee82dd5846be87b81cedc8bc7754a82
  BSBacktraceLogger: 06b983ee93a9f87d957960e9c73d660d5966b447
  Bugly: fd066c75c4a0eca1440f9b6a84bd37d51bfc85ac
  Charts: b1e3a1f5a1c9ba5394438ca3b91bd8c9076310af
  CircleMenu: a66095199a5e26f19acbb212f077010257767fe5
  CocoaLumberjack: e8955b9d337ac307103b0a34fd141c32f27e53c5
  DoraemonKit: 9e923599e28d0b61f1c6de4aef2c2d669b30abb7
  FBRetainCycleDetector: 46f8179bbb1c587deee3ea838a1a3ee02acf5015
  FFPopup: 3bec8070665b892d8f54f2acaca447fdccc7f30b
  fishhook: ea19933abfe8f2f52c55fd8b6e2718467d3ebc89
  FMDB: 2ce00b547f966261cd18927a3ddb07cb6f3db82a
  FWPopupView: 367cc1aca505ca83e2dbe8567c52afdbdd916d8d
  IQKeyboardManager: 2a6e97afdafc7becf0cb17a9a8d795e3a980717f
  JJException: da7c64ccf29d9938a4075378a7e9a29db7383c37
  JXSegmentedView: eb1cad21f57c2543c00c3e08b8fd3c7ca54f5acd
  LookinServer: 0002891cd3cec5e082a910e897dfe71b4f06b89e
  Masonry: 678fab65091a9290e40e2832a55e7ab731aad201
  MJExtension: d9b9c74cbdeb724c1e9ecbb157b318276e62e876
  MJRefresh: 6afc955813966afb08305477dd7a0d9ad5e79a16
  SDWebImage: 920f1a2ff1ca8296ad34f6e0510a1ef1d70ac965
  SnapKit: 0de968a9fec17499afa29683b05d0c775b6d1c29
  SVProgressHUD: 1428aafac632c1f86f62aa4243ec12008d7a51d6
  Toast: 91b396c56ee72a5790816f40d3a94dd357abc196
  Toast-Swift: 9b6a70f28b3bf0b96c40d46c0c4b9d6639846711
  "UITextView+Placeholder": d7b0c400921f66523f3a85d74f774512e14f6502
  YYText: 5c461d709e24d55a182d1441c41dc639a18a4849

PODFILE CHECKSUM: d73984356dae7251d7a923451c1ef5d1b8d9012e

COCOAPODS: 1.10.1
