PODS:
  - AFNetworking/NSURLSession (3.2.1):
    - AFNetworking/Reachability
    - AFNetworking/Security
    - AFNetworking/Serialization
  - AFNetworking/Reachability (3.2.1)
  - AFNetworking/Security (3.2.1)
  - AFNetworking/Serialization (3.2.1)
  - Apollo (0.27.0):
    - Apollo/Core (= 0.27.0)
  - Apollo/Core (0.27.0)
  - BSBacktraceLogger (0.0.1)
  - Bugly (2.5.2)
  - Charts (3.4.0):
    - Charts/Core (= 3.4.0)
  - Charts/Core (3.4.0)
  - CocoaLumberjack (3.6.1):
    - CocoaLumberjack/Core (= 3.6.1)
  - CocoaLumberjack/Core (3.6.1)
  - CocoaLumberjack/Swift (3.6.1):
    - CocoaLumberjack/Core
  - DoraemonKit/Core (2.0.0):
    - BSBacktraceLogger
    - fishhook
  - DoraemonKit/WithLogger (2.0.0):
    - BSBacktraceLogger
    - CocoaLumberjack
    - DoraemonKit/Core
    - fishhook
  - DoraemonKit/WithMLeaksFinder (2.0.0):
    - BSBacktraceLogger
    - DoraemonKit/Core
    - FBRetainCycleDetector
    - fishhook
  - FBRetainCycleDetector (0.1.4)
  - FFPopup (1.1.0)
  - fishhook (0.2)
  - FMDB (2.7.5):
    - FMDB/standard (= 2.7.5)
  - FMDB/standard (2.7.5)
  - FWPopupView (4.1.4):
    - SnapKit
  - IQKeyboardManager (6.5.5)
  - JJException (0.2.7):
    - JJException/All (= 0.2.7)
  - JJException/All (0.2.7):
    - JJException/ARC
    - JJException/DeallocBlock
    - JJException/Main
    - JJException/MRC
    - JJException/Swizzle
  - JJException/ARC (0.2.7):
    - JJException/DeallocBlock
    - JJException/Main
    - JJException/Swizzle
  - JJException/DeallocBlock (0.2.7)
  - JJException/Main (0.2.7)
  - JJException/MRC (0.2.7):
    - JJException/Main
    - JJException/Swizzle
  - JJException/Swizzle (0.2.7)
  - JXSegmentedView (1.0.6)
  - LookinServer (1.0.0)
  - Masonry (1.1.0)
  - MJExtension (3.2.1)
  - MJRefresh (3.3.1)
  - SDWebImage (5.0.6):
    - SDWebImage/Core (= 5.0.6)
  - SDWebImage/Core (5.0.6)
  - SnapKit (4.0.1)
  - SVProgressHUD (2.2.5)
  - Toast (4.0.0)
  - Toast-Swift (5.0.1)
  - "UITextView+Placeholder (1.4.0)"
  - YYText (1.0.7)

DEPENDENCIES:
  - AFNetworking/NSURLSession
  - AFNetworking/Reachability
  - AFNetworking/Security
  - AFNetworking/Serialization
  - Apollo
  - Bugly
  - Charts
  - CocoaLumberjack
  - CocoaLumberjack/Swift
  - DoraemonKit/Core (~> 2.0.0)
  - DoraemonKit/WithLogger (~> 2.0.0)
  - DoraemonKit/WithMLeaksFinder (= 2.0.0)
  - FFPopup
  - FMDB
  - FWPopupView
  - IQKeyboardManager
  - JJException
  - JXSegmentedView
  - LookinServer
  - Masonry
  - MJExtension
  - MJRefresh
  - SDWebImage (~> 5.0.0)
  - SnapKit (~> 4.0.0)
  - SVProgressHUD
  - Toast
  - Toast-Swift
  - "UITextView+Placeholder"
  - YYText

SPEC REPOS:
  https://github.com/CocoaPods/Specs.git:
    - AFNetworking
    - Apollo
    - BSBacktraceLogger
    - Bugly
    - Charts
    - CocoaLumberjack
    - DoraemonKit
    - FBRetainCycleDetector
    - FFPopup
    - fishhook
    - FMDB
    - FWPopupView
    - IQKeyboardManager
    - JJException
    - JXSegmentedView
    - LookinServer
    - Masonry
    - MJExtension
    - MJRefresh
    - SDWebImage
    - SnapKit
    - SVProgressHUD
    - Toast
    - Toast-Swift
    - "UITextView+Placeholder"
    - YYText

SPEC CHECKSUMS:
  AFNetworking: b6f891fdfaed196b46c7a83cf209e09697b94057
  Apollo: 5926be3853a34c10ef9fb7447435f0e083070b41
  BSBacktraceLogger: 06b983ee93a9f87d957960e9c73d660d5966b447
  Bugly: dbac48b55ad469a97cc4321045cd50df8f63d44f
  Charts: 74c9f256eaf0460c0c416522d1cf8c634ea6b286
  CocoaLumberjack: b17ae15142558d08bbacf69775fa10c4abbebcc9
  DoraemonKit: 9e923599e28d0b61f1c6de4aef2c2d669b30abb7
  FBRetainCycleDetector: 46f8179bbb1c587deee3ea838a1a3ee02acf5015
  FFPopup: 408e38711f4fe2fddd3c8612c045cf0df6da2e4e
  fishhook: ea19933abfe8f2f52c55fd8b6e2718467d3ebc89
  FMDB: 2ce00b547f966261cd18927a3ddb07cb6f3db82a
  FWPopupView: 8efc8fd8b620fc75756165cdc5163f69b71a7adc
  IQKeyboardManager: 3a8b9e603f8b0eeaf5f096a1f2b2cfcf121992ef
  JJException: 6d987840193b7ef59e778d41bca463401a80a79b
  JXSegmentedView: ceb6fb3a12716408bcd5c4210b93d947d079de25
  LookinServer: 0002891cd3cec5e082a910e897dfe71b4f06b89e
  Masonry: 678fab65091a9290e40e2832a55e7ab731aad201
  MJExtension: 635f2c663dcb1bf76fa4b715b2570a5710aec545
  MJRefresh: eeda70fbf0ad277f3178cef1cd0c3532591d6237
  SDWebImage: 920f1a2ff1ca8296ad34f6e0510a1ef1d70ac965
  SnapKit: 0de968a9fec17499afa29683b05d0c775b6d1c29
  SVProgressHUD: 1428aafac632c1f86f62aa4243ec12008d7a51d6
  Toast: 91b396c56ee72a5790816f40d3a94dd357abc196
  Toast-Swift: 9b6a70f28b3bf0b96c40d46c0c4b9d6639846711
  "UITextView+Placeholder": d7b0c400921f66523f3a85d74f774512e14f6502
  YYText: 5c461d709e24d55a182d1441c41dc639a18a4849

PODFILE CHECKSUM: 257ba5cc5c257edaa7b06bc495d30eadaeacd509

COCOAPODS: 1.9.1
